
Microsoft Visual Studio Solution File, Format Version 12.00
Project("{FAE04EC0-301F-11D3-BF4B-00C04F79EFBC}") = "Kumibot.App", "Kumibot.App\Kumibot.App.csproj", "{6AD915B5-7503-4EE9-94CB-C4E2B1DA3678}"
EndProject
Project("{FAE04EC0-301F-11D3-BF4B-00C04F79EFBC}") = "Kumibot.Database", "Kumibot.Database\Kumibot.Database.csproj", "{724BF17F-9315-4E71-9F49-8C034DF6B860}"
EndProject
Project("{FAE04EC0-301F-11D3-BF4B-00C04F79EFBC}") = "Kumibot.Exceptions", "Kumibot.Exceptions\Kumibot.Exceptions.csproj", "{E59B8142-D93C-4F25-B80F-D2E2F4BDBEF0}"
EndProject
Project("{FAE04EC0-301F-11D3-BF4B-00C04F79EFBC}") = "Kumibot.Web", "Kumibot.Web\Kumibot.Web.csproj", "{33FCAA63-6AC3-4D5A-92C2-8F5EEAD52973}"
EndProject
Global
	GlobalSection(SolutionConfigurationPlatforms) = preSolution
		Debug|Any CPU = Debug|Any CPU
		Release|Any CPU = Release|Any CPU
	EndGlobalSection
	GlobalSection(ProjectConfigurationPlatforms) = postSolution
		{6AD915B5-7503-4EE9-94CB-C4E2B1DA3678}.Debug|Any CPU.ActiveCfg = Debug|Any CPU
		{6AD915B5-7503-4EE9-94CB-C4E2B1DA3678}.Debug|Any CPU.Build.0 = Debug|Any CPU
		{6AD915B5-7503-4EE9-94CB-C4E2B1DA3678}.Release|Any CPU.ActiveCfg = Release|Any CPU
		{6AD915B5-7503-4EE9-94CB-C4E2B1DA3678}.Release|Any CPU.Build.0 = Release|Any CPU
		{724BF17F-9315-4E71-9F49-8C034DF6B860}.Debug|Any CPU.ActiveCfg = Debug|Any CPU
		{724BF17F-9315-4E71-9F49-8C034DF6B860}.Debug|Any CPU.Build.0 = Debug|Any CPU
		{724BF17F-9315-4E71-9F49-8C034DF6B860}.Release|Any CPU.ActiveCfg = Release|Any CPU
		{724BF17F-9315-4E71-9F49-8C034DF6B860}.Release|Any CPU.Build.0 = Release|Any CPU
		{E59B8142-D93C-4F25-B80F-D2E2F4BDBEF0}.Debug|Any CPU.ActiveCfg = Debug|Any CPU
		{E59B8142-D93C-4F25-B80F-D2E2F4BDBEF0}.Debug|Any CPU.Build.0 = Debug|Any CPU
		{E59B8142-D93C-4F25-B80F-D2E2F4BDBEF0}.Release|Any CPU.ActiveCfg = Release|Any CPU
		{E59B8142-D93C-4F25-B80F-D2E2F4BDBEF0}.Release|Any CPU.Build.0 = Release|Any CPU
		{33FCAA63-6AC3-4D5A-92C2-8F5EEAD52973}.Debug|Any CPU.ActiveCfg = Debug|Any CPU
		{33FCAA63-6AC3-4D5A-92C2-8F5EEAD52973}.Debug|Any CPU.Build.0 = Debug|Any CPU
		{33FCAA63-6AC3-4D5A-92C2-8F5EEAD52973}.Release|Any CPU.ActiveCfg = Release|Any CPU
		{33FCAA63-6AC3-4D5A-92C2-8F5EEAD52973}.Release|Any CPU.Build.0 = Release|Any CPU
	EndGlobalSection
EndGlobal
